// !$*UTF8*$!
{
	archiveVersion = 1;
	classes = {
	};
	objectVersion = 50;
	objects = {

/* Begin PBXBuildFile section */
		2E2335182744B53200E20297 /* alarm.mp3 in Resources */ = {isa = PBXBuildFile; fileRef = 2E2335172744B53200E20297 /* alarm.mp3 */; };
		2E23351C2744BCF800E20297 /* Time.swift in Sources */ = {isa = PBXBuildFile; fileRef = 2E23351B2744BCF800E20297 /* Time.swift */; };
		2E36AAB22745F8A100CCD3DA /* TimeData.swift in Sources */ = {isa = PBXBuildFile; fileRef = 2E36AAB12745F8A100CCD3DA /* TimeData.swift */; };
		2E5187D3273FA24F00DA3F6E /* CircularProgressView.swift in Sources */ = {isa = PBXBuildFile; fileRef = 2E5187D2273FA24F00DA3F6E /* CircularProgressView.swift */; };
		3F077217274794D3007C2413 /* WaterWave.swift in Sources */ = {isa = PBXBuildFile; fileRef = 3F077216274794D3007C2413 /* WaterWave.swift */; };
		3F78D51E2741F9E300F708BF /* GraphView.swift in Sources */ = {isa = PBXBuildFile; fileRef = 3F78D51D2741F9E300F708BF /* GraphView.swift */; };
		3FD62E02273D522800B8DEF2 /* Shower_AppApp.swift in Sources */ = {isa = PBXBuildFile; fileRef = 3FD62E01273D522800B8DEF2 /* Shower_AppApp.swift */; };
		3FD62E04273D522800B8DEF2 /* ContentView.swift in Sources */ = {isa = PBXBuildFile; fileRef = 3FD62E03273D522800B8DEF2 /* ContentView.swift */; };
		3FD62E06273D522C00B8DEF2 /* Assets.xcassets in Resources */ = {isa = PBXBuildFile; fileRef = 3FD62E05273D522C00B8DEF2 /* Assets.xcassets */; };
		3FD62E09273D522C00B8DEF2 /* Preview Assets.xcassets in Resources */ = {isa = PBXBuildFile; fileRef = 3FD62E08273D522C00B8DEF2 /* Preview Assets.xcassets */; };
		3FEE5E35274219570018F497 /* TipsView.swift in Sources */ = {isa = PBXBuildFile; fileRef = 3FEE5E34274219570018F497 /* TipsView.swift */; };
/* End PBXBuildFile section */

/* Begin PBXFileReference section */
		2E2335172744B53200E20297 /* alarm.mp3 */ = {isa = PBXFileReference; lastKnownFileType = audio.mp3; path = alarm.mp3; sourceTree = "<group>"; };
		2E23351B2744BCF800E20297 /* Time.swift */ = {isa = PBXFileReference; lastKnownFileType = sourcecode.swift; path = Time.swift; sourceTree = "<group>"; };
		2E36AAB12745F8A100CCD3DA /* TimeData.swift */ = {isa = PBXFileReference; lastKnownFileType = sourcecode.swift; path = TimeData.swift; sourceTree = "<group>"; };
		2E5187D2273FA24F00DA3F6E /* CircularProgressView.swift */ = {isa = PBXFileReference; lastKnownFileType = sourcecode.swift; path = CircularProgressView.swift; sourceTree = "<group>"; };
		3F077216274794D3007C2413 /* WaterWave.swift */ = {isa = PBXFileReference; lastKnownFileType = sourcecode.swift; path = WaterWave.swift; sourceTree = "<group>"; };
		3F78D51D2741F9E300F708BF /* GraphView.swift */ = {isa = PBXFileReference; lastKnownFileType = sourcecode.swift; path = GraphView.swift; sourceTree = "<group>"; };
		3FD62DFE273D522800B8DEF2 /* Shower App.app */ = {isa = PBXFileReference; explicitFileType = wrapper.application; includeInIndex = 0; path = "Shower App.app"; sourceTree = BUILT_PRODUCTS_DIR; };
		3FD62E01273D522800B8DEF2 /* Shower_AppApp.swift */ = {isa = PBXFileReference; lastKnownFileType = sourcecode.swift; path = Shower_AppApp.swift; sourceTree = "<group>"; };
		3FD62E03273D522800B8DEF2 /* ContentView.swift */ = {isa = PBXFileReference; lastKnownFileType = sourcecode.swift; path = ContentView.swift; sourceTree = "<group>"; };
		3FD62E05273D522C00B8DEF2 /* Assets.xcassets */ = {isa = PBXFileReference; lastKnownFileType = folder.assetcatalog; path = Assets.xcassets; sourceTree = "<group>"; };
		3FD62E08273D522C00B8DEF2 /* Preview Assets.xcassets */ = {isa = PBXFileReference; lastKnownFileType = folder.assetcatalog; path = "Preview Assets.xcassets"; sourceTree = "<group>"; };
		3FD62E0A273D522C00B8DEF2 /* Info.plist */ = {isa = PBXFileReference; lastKnownFileType = text.plist.xml; path = Info.plist; sourceTree = "<group>"; };
		3FEE5E34274219570018F497 /* TipsView.swift */ = {isa = PBXFileReference; lastKnownFileType = sourcecode.swift; path = TipsView.swift; sourceTree = "<group>"; };
/* End PBXFileReference section */

/* Begin PBXFrameworksBuildPhase section */
		3FD62DFB273D522800B8DEF2 /* Frameworks */ = {
			isa = PBXFrameworksBuildPhase;
			buildActionMask = 2147483647;
			files = (
			);
			runOnlyForDeploymentPostprocessing = 0;
		};
/* End PBXFrameworksBuildPhase section */

/* Begin PBXGroup section */
		3FD62DF5273D522800B8DEF2 = {
			isa = PBXGroup;
			children = (
				3FD62E00273D522800B8DEF2 /* Shower App */,
				3FD62DFF273D522800B8DEF2 /* Products */,
			);
			sourceTree = "<group>";
		};
		3FD62DFF273D522800B8DEF2 /* Products */ = {
			isa = PBXGroup;
			children = (
				3FD62DFE273D522800B8DEF2 /* Shower App.app */,
			);
			name = Products;
			sourceTree = "<group>";
		};
		3FD62E00273D522800B8DEF2 /* Shower App */ = {
			isa = PBXGroup;
			children = (
				2E2335172744B53200E20297 /* alarm.mp3 */,
				3FD62E01273D522800B8DEF2 /* Shower_AppApp.swift */,
				3F78D51D2741F9E300F708BF /* GraphView.swift */,
				3FEE5E34274219570018F497 /* TipsView.swift */,
				3FD62E03273D522800B8DEF2 /* ContentView.swift */,
				3F077216274794D3007C2413 /* WaterWave.swift */,
				2E23351B2744BCF800E20297 /* Time.swift */,
				2E36AAB12745F8A100CCD3DA /* TimeData.swift */,
				2E5187D2273FA24F00DA3F6E /* CircularProgressView.swift */,
				3FD62E05273D522C00B8DEF2 /* Assets.xcassets */,
				3FD62E0A273D522C00B8DEF2 /* Info.plist */,
				3FD62E07273D522C00B8DEF2 /* Preview Content */,
			);
			path = "Shower App";
			sourceTree = "<group>";
		};
		3FD62E07273D522C00B8DEF2 /* Preview Content */ = {
			isa = PBXGroup;
			children = (
				3FD62E08273D522C00B8DEF2 /* Preview Assets.xcassets */,
			);
			path = "Preview Content";
			sourceTree = "<group>";
		};
/* End PBXGroup section */

/* Begin PBXNativeTarget section */
		3FD62DFD273D522800B8DEF2 /* Shower App */ = {
			isa = PBXNativeTarget;
			buildConfigurationList = 3FD62E0D273D522C00B8DEF2 /* Build configuration list for PBXNativeTarget "Shower App" */;
			buildPhases = (
				3FD62DFA273D522800B8DEF2 /* Sources */,
				3FD62DFB273D522800B8DEF2 /* Frameworks */,
				3FD62DFC273D522800B8DEF2 /* Resources */,
			);
			buildRules = (
			);
			dependencies = (
			);
			name = "Shower App";
			productName = "Shower App";
			productReference = 3FD62DFE273D522800B8DEF2 /* Shower App.app */;
			productType = "com.apple.product-type.application";
		};
/* End PBXNativeTarget section */

/* Begin PBXProject section */
		3FD62DF6273D522800B8DEF2 /* Project object */ = {
			isa = PBXProject;
			attributes = {
				LastSwiftUpdateCheck = 1240;
				LastUpgradeCheck = 1240;
				TargetAttributes = {
					3FD62DFD273D522800B8DEF2 = {
						CreatedOnToolsVersion = 12.4;
					};
				};
			};
			buildConfigurationList = 3FD62DF9273D522800B8DEF2 /* Build configuration list for PBXProject "Shower App" */;
			compatibilityVersion = "Xcode 9.3";
			developmentRegion = en;
			hasScannedForEncodings = 0;
			knownRegions = (
				en,
				Base,
			);
			mainGroup = 3FD62DF5273D522800B8DEF2;
			productRefGroup = 3FD62DFF273D522800B8DEF2 /* Products */;
			projectDirPath = "";
			projectRoot = "";
			targets = (
				3FD62DFD273D522800B8DEF2 /* Shower App */,
			);
		};
/* End PBXProject section */

/* Begin PBXResourcesBuildPhase section */
		3FD62DFC273D522800B8DEF2 /* Resources */ = {
			isa = PBXResourcesBuildPhase;
			buildActionMask = 2147483647;
			files = (
				3FD62E09273D522C00B8DEF2 /* Preview Assets.xcassets in Resources */,
				3FD62E06273D522C00B8DEF2 /* Assets.xcassets in Resources */,
				2E2335182744B53200E20297 /* alarm.mp3 in Resources */,
			);
			runOnlyForDeploymentPostprocessing = 0;
		};
/* End PBXResourcesBuildPhase section */

/* Begin PBXSourcesBuildPhase section */
		3FD62DFA273D522800B8DEF2 /* Sources */ = {
			isa = PBXSourcesBuildPhase;
			buildActionMask = 2147483647;
			files = (
				3F077217274794D3007C2413 /* WaterWave.swift in Sources */,
				2E23351C2744BCF800E20297 /* Time.swift in Sources */,
				3F78D51E2741F9E300F708BF /* GraphView.swift in Sources */,
				3FEE5E35274219570018F497 /* TipsView.swift in Sources */,
				3FD62E04273D522800B8DEF2 /* ContentView.swift in Sources */,
				2E36AAB22745F8A100CCD3DA /* TimeData.swift in Sources */,
				2E5187D3273FA24F00DA3F6E /* CircularProgressView.swift in Sources */,
				3FD62E02273D522800B8DEF2 /* Shower_AppApp.swift in Sources */,
			);
			runOnlyForDeploymentPostprocessing = 0;
		};
/* End PBXSourcesBuildPhase section */

/* Begin XCBuildConfiguration section */
		3FD62E0B273D522C00B8DEF2 /* Debug */ = {
			isa = XCBuildConfiguration;
			buildSettings = {
				ALWAYS_SEARCH_USER_PATHS = NO;
				CLANG_ANALYZER_NONNULL = YES;
				CLANG_ANALYZER_NUMBER_OBJECT_CONVERSION = YES_AGGRESSIVE;
				CLANG_CXX_LANGUAGE_STANDARD = "gnu++14";
				CLANG_CXX_LIBRARY = "libc++";
				CLANG_ENABLE_MODULES = YES;
				CLANG_ENABLE_OBJC_ARC = YES;
				CLANG_ENABLE_OBJC_WEAK = YES;
				CLANG_WARN_BLOCK_CAPTURE_AUTORELEASING = YES;
				CLANG_WARN_BOOL_CONVERSION = YES;
				CLANG_WARN_COMMA = YES;
				CLANG_WARN_CONSTANT_CONVERSION = YES;
				CLANG_WARN_DEPRECATED_OBJC_IMPLEMENTATIONS = YES;
				CLANG_WARN_DIRECT_OBJC_ISA_USAGE = YES_ERROR;
				CLANG_WARN_DOCUMENTATION_COMMENTS = YES;
				CLANG_WARN_EMPTY_BODY = YES;
				CLANG_WARN_ENUM_CONVERSION = YES;
				CLANG_WARN_INFINITE_RECURSION = YES;
				CLANG_WARN_INT_CONVERSION = YES;
				CLANG_WARN_NON_LITERAL_NULL_CONVERSION = YES;
				CLANG_WARN_OBJC_IMPLICIT_RETAIN_SELF = YES;
				CLANG_WARN_OBJC_LITERAL_CONVERSION = YES;
				CLANG_WARN_OBJC_ROOT_CLASS = YES_ERROR;
				CLANG_WARN_QUOTED_INCLUDE_IN_FRAMEWORK_HEADER = YES;
				CLANG_WARN_RANGE_LOOP_ANALYSIS = YES;
				CLANG_WARN_STRICT_PROTOTYPES = YES;
				CLANG_WARN_SUSPICIOUS_MOVE = YES;
				CLANG_WARN_UNGUARDED_AVAILABILITY = YES_AGGRESSIVE;
				CLANG_WARN_UNREACHABLE_CODE = YES;
				CLANG_WARN__DUPLICATE_METHOD_MATCH = YES;
				COPY_PHASE_STRIP = NO;
				DEBUG_INFORMATION_FORMAT = dwarf;
				ENABLE_STRICT_OBJC_MSGSEND = YES;
				ENABLE_TESTABILITY = YES;
				GCC_C_LANGUAGE_STANDARD = gnu11;
				GCC_DYNAMIC_NO_PIC = NO;
				GCC_NO_COMMON_BLOCKS = YES;
				GCC_OPTIMIZATION_LEVEL = 0;
				GCC_PREPROCESSOR_DEFINITIONS = (
					"DEBUG=1",
					"$(inherited)",
				);
				GCC_WARN_64_TO_32_BIT_CONVERSION = YES;
				GCC_WARN_ABOUT_RETURN_TYPE = YES_ERROR;
				GCC_WARN_UNDECLARED_SELECTOR = YES;
				GCC_WARN_UNINITIALIZED_AUTOS = YES_AGGRESSIVE;
				GCC_WARN_UNUSED_FUNCTION = YES;
				GCC_WARN_UNUSED_VARIABLE = YES;
				IPHONEOS_DEPLOYMENT_TARGET = 14.4;
				MTL_ENABLE_DEBUG_INFO = INCLUDE_SOURCE;
				MTL_FAST_MATH = YES;
				ONLY_ACTIVE_ARCH = YES;
				SDKROOT = iphoneos;
				SWIFT_ACTIVE_COMPILATION_CONDITIONS = DEBUG;
				SWIFT_OPTIMIZATION_LEVEL = "-Onone";
			};
			name = Debug;
		};
		3FD62E0C273D522C00B8DEF2 /* Release */ = {
			isa = XCBuildConfiguration;
			buildSettings = {
				ALWAYS_SEARCH_USER_PATHS = NO;
				CLANG_ANALYZER_NONNULL = YES;
				CLANG_ANALYZER_NUMBER_OBJECT_CONVERSION = YES_AGGRESSIVE;
				CLANG_CXX_LANGUAGE_STANDARD = "gnu++14";
				CLANG_CXX_LIBRARY = "libc++";
				CLANG_ENABLE_MODULES = YES;
				CLANG_ENABLE_OBJC_ARC = YES;
				CLANG_ENABLE_OBJC_WEAK = YES;
				CLANG_WARN_BLOCK_CAPTURE_AUTORELEASING = YES;
				CLANG_WARN_BOOL_CONVERSION = YES;
				CLANG_WARN_COMMA = YES;
				CLANG_WARN_CONSTANT_CONVERSION = YES;
				CLANG_WARN_DEPRECATED_OBJC_IMPLEMENTATIONS = YES;
				CLANG_WARN_DIRECT_OBJC_ISA_USAGE = YES_ERROR;
				CLANG_WARN_DOCUMENTATION_COMMENTS = YES;
				CLANG_WARN_EMPTY_BODY = YES;
				CLANG_WARN_ENUM_CONVERSION = YES;
				CLANG_WARN_INFINITE_RECURSION = YES;
				CLANG_WARN_INT_CONVERSION = YES;
				CLANG_WARN_NON_LITERAL_NULL_CONVERSION = YES;
				CLANG_WARN_OBJC_IMPLICIT_RETAIN_SELF = YES;
				CLANG_WARN_OBJC_LITERAL_CONVERSION = YES;
				CLANG_WARN_OBJC_ROOT_CLASS = YES_ERROR;
				CLANG_WARN_QUOTED_INCLUDE_IN_FRAMEWORK_HEADER = YES;
				CLANG_WARN_RANGE_LOOP_ANALYSIS = YES;
				CLANG_WARN_STRICT_PROTOTYPES = YES;
				CLANG_WARN_SUSPICIOUS_MOVE = YES;
				CLANG_WARN_UNGUARDED_AVAILABILITY = YES_AGGRESSIVE;
				CLANG_WARN_UNREACHABLE_CODE = YES;
				CLANG_WARN__DUPLICATE_METHOD_MATCH = YES;
				COPY_PHASE_STRIP = NO;
				DEBUG_INFORMATION_FORMAT = "dwarf-with-dsym";
				ENABLE_NS_ASSERTIONS = NO;
				ENABLE_STRICT_OBJC_MSGSEND = YES;
				GCC_C_LANGUAGE_STANDARD = gnu11;
				GCC_NO_COMMON_BLOCKS = YES;
				GCC_WARN_64_TO_32_BIT_CONVERSION = YES;
				GCC_WARN_ABOUT_RETURN_TYPE = YES_ERROR;
				GCC_WARN_UNDECLARED_SELECTOR = YES;
				GCC_WARN_UNINITIALIZED_AUTOS = YES_AGGRESSIVE;
				GCC_WARN_UNUSED_FUNCTION = YES;
				GCC_WARN_UNUSED_VARIABLE = YES;
				IPHONEOS_DEPLOYMENT_TARGET = 14.4;
				MTL_ENABLE_DEBUG_INFO = NO;
				MTL_FAST_MATH = YES;
				SDKROOT = iphoneos;
				SWIFT_COMPILATION_MODE = wholemodule;
				SWIFT_OPTIMIZATION_LEVEL = "-O";
				VALIDATE_PRODUCT = YES;
			};
			name = Release;
		};
		3FD62E0E273D522C00B8DEF2 /* Debug */ = {
			isa = XCBuildConfiguration;
			buildSettings = {
				ASSETCATALOG_COMPILER_APPICON_NAME = AppIcon;
				ASSETCATALOG_COMPILER_GLOBAL_ACCENT_COLOR_NAME = AccentColor;
				CODE_SIGN_STYLE = Automatic;
				CURRENT_PROJECT_VERSION = 2;
				DEVELOPMENT_ASSET_PATHS = "\"Shower App/Preview Content\"";
				DEVELOPMENT_TEAM = XL5JK4F896;
				ENABLE_PREVIEWS = YES;
				INFOPLIST_FILE = "Shower App/Info.plist";
				IPHONEOS_DEPLOYMENT_TARGET = 14.0;
				LD_RUNPATH_SEARCH_PATHS = (
					"$(inherited)",
					"@executable_path/Frameworks",
				);
				PRODUCT_BUNDLE_IDENTIFIER = sg.tk.showery;
				PRODUCT_NAME = "$(TARGET_NAME)";
				SWIFT_VERSION = 5.0;
				TARGETED_DEVICE_FAMILY = 1;
			};
			name = Debug;
		};
		3FD62E0F273D522C00B8DEF2 /* Release */ = {
			isa = XCBuildConfiguration;
			buildSettings = {
				ASSETCATALOG_COMPILER_APPICON_NAME = AppIcon;
				ASSETCATALOG_COMPILER_GLOBAL_ACCENT_COLOR_NAME = AccentColor;
				CODE_SIGN_STYLE = Automatic;
				CURRENT_PROJECT_VERSION = 2;
				DEVELOPMENT_ASSET_PATHS = "\"Shower App/Preview Content\"";
				DEVELOPMENT_TEAM = XL5JK4F896;
				ENABLE_PREVIEWS = YES;
				INFOPLIST_FILE = "Shower App/Info.plist";
				IPHONEOS_DEPLOYMENT_TARGET = 14.0;
				LD_RUNPATH_SEARCH_PATHS = (
					"$(inherited)",
					"@executable_path/Frameworks",
				);
				PRODUCT_BUNDLE_IDENTIFIER = sg.tk.showery;
				PRODUCT_NAME = "$(TARGET_NAME)";
				SWIFT_VERSION = 5.0;
				TARGETED_DEVICE_FAMILY = 1;
			};
			name = Release;
		};
/* End XCBuildConfiguration section */

/* Begin XCConfigurationList section */
		3FD62DF9273D522800B8DEF2 /* Build configuration list for PBXProject "Shower App" */ = {
			isa = XCConfigurationList;
			buildConfigurations = (
				3FD62E0B273D522C00B8DEF2 /* Debug */,
				3FD62E0C273D522C00B8DEF2 /* Release */,
			);
			defaultConfigurationIsVisible = 0;
			defaultConfigurationName = Release;
		};
		3FD62E0D273D522C00B8DEF2 /* Build configuration list for PBXNativeTarget "Shower App" */ = {
			isa = XCConfigurationList;
			buildConfigurations = (
				3FD62E0E273D522C00B8DEF2 /* Debug */,
				3FD62E0F273D522C00B8DEF2 /* Release */,
			);
			defaultConfigurationIsVisible = 0;
			defaultConfigurationName = Release;
		};
/* End XCConfigurationList section */
	};
	rootObject = 3FD62DF6273D522800B8DEF2 /* Project object */;
}
